<?xml version="1.0" encoding="utf-8"?>
<Project ToolsVersion="4.0" xmlns="http://schemas.microsoft.com/developer/msbuild/2003">
  <ItemGroup>
    <ClInclude Include="bxdf\fresnel.h" />
    <ClInclude Include="bxdf\lambertion.h" />
    <ClInclude Include="bxdf\phong.h" />
    <ClInclude Include="bxdf\specular.h" />
    <ClInclude Include="cameras\camera.h" />
    <ClInclude Include="cameras\perspective.h" />
    <ClInclude Include="bxdf\bsdf.h" />
    <ClInclude Include="core\color.h" />
    <ClInclude Include="core\frame.h" />
    <ClInclude Include="core\intersection.h" />
    <ClInclude Include="core\primitive.h" />
    <ClInclude Include="core\ray.h" />
    <ClInclude Include="core\scene.h" />
    <ClInclude Include="core\schwi.h" />
    <ClInclude Include="integrators\integrator.h" />
    <ClInclude Include="integrators\path.h" />
    <ClInclude Include="lights\light.h" />
    <ClInclude Include="material\material.h" />
    <ClInclude Include="core\bounds.h" />
    <ClInclude Include="samplers\random.h" />
    <ClInclude Include="samplers\sampler.h" />
    <ClInclude Include="shapes\shape.h" />
    <ClInclude Include="shapes\sphere.h" />
    <ClInclude Include="shapes\triangle.h" />
    <ClInclude Include="textures\imagemap.h" />
    <ClInclude Include="textures\mipmap.h" />
    <ClInclude Include="textures\texture.h" />
    <ClInclude Include="SchwiLib\image\image.h" />
    <ClInclude Include="textures\constant.h" />
    <ClInclude Include="integrators\debug.h" />
    <ClInclude Include="shapes\disk.h" />
    <ClInclude Include="shapes\rectangle.h" />
    <ClInclude Include="shapes\cylinder.h" />
    <ClInclude Include="samplers\sampling.h" />
  </ItemGroup>
  <ItemGroup>
    <ClCompile Include="core\main.cpp" />
  </ItemGroup>
  <ItemGroup>
    <Image Include="out.png" />
  </ItemGroup>
</Project>